{
  "pins" : [
    {
      "identity" : "njkit",
      "kind" : "remoteSourceControl",
      "location" : "https://github.com/buildexperience/NJKit.git",
      "state" : {
        "revision" : "a2cb979fef292b5671570a4b0a6c8f97eb14951e",
        "version" : "0.0.1"
      }
    }
  ],
  "version" : 2
}
